
Microsoft Visual Studio Solution File, Format Version 12.00
# Visual Studio Version 17
VisualStudioVersion = 17.13.35931.197
MinimumVisualStudioVersion = 10.0.40219.1
Project("{FAE04EC0-301F-11D3-BF4B-00C04F79EFBC}") = "KOP", "KOP.csproj", "{D6AB8593-3ADF-4FE6-8AD2-15F06849EF6B}"
EndProject
Project("{FAE04EC0-301F-11D3-BF4B-00C04F79EFBC}") = "WinFormsApp1", "..\WinFormsApp1\WinFormsApp1.csproj", "{7980C9EE-9CB1-4D23-AFDB-3F3571EF48F6}"
EndProject
Global
	GlobalSection(SolutionConfigurationPlatforms) = preSolution
		Debug|Any CPU = Debug|Any CPU
		Release|Any CPU = Release|Any CPU
	EndGlobalSection
	GlobalSection(ProjectConfigurationPlatforms) = postSolution
		{D6AB8593-3ADF-4FE6-8AD2-15F06849EF6B}.Debug|Any CPU.ActiveCfg = Debug|Any CPU
		{D6AB8593-3ADF-4FE6-8AD2-15F06849EF6B}.Debug|Any CPU.Build.0 = Debug|Any CPU
		{D6AB8593-3ADF-4FE6-8AD2-15F06849EF6B}.Release|Any CPU.ActiveCfg = Release|Any CPU
		{D6AB8593-3ADF-4FE6-8AD2-15F06849EF6B}.Release|Any CPU.Build.0 = Release|Any CPU
		{7980C9EE-9CB1-4D23-AFDB-3F3571EF48F6}.Debug|Any CPU.ActiveCfg = Debug|Any CPU
		{7980C9EE-9CB1-4D23-AFDB-3F3571EF48F6}.Debug|Any CPU.Build.0 = Debug|Any CPU
		{7980C9EE-9CB1-4D23-AFDB-3F3571EF48F6}.Release|Any CPU.ActiveCfg = Release|Any CPU
		{7980C9EE-9CB1-4D23-AFDB-3F3571EF48F6}.Release|Any CPU.Build.0 = Release|Any CPU
	EndGlobalSection
	GlobalSection(SolutionProperties) = preSolution
		HideSolutionNode = FALSE
	EndGlobalSection
	GlobalSection(ExtensibilityGlobals) = postSolution
		SolutionGuid = {F5F7052D-3333-408C-BFAF-4BA24C4473BF}
	EndGlobalSection
EndGlobal
